// !$*UTF8*$!
{
	archiveVersion = 1;
	classes = {
	};
	objectVersion = 46;
	objects = {

/* Begin PBXBuildFile section */
		18AD1B621E037FB50085F8FB /* AppDelegate.swift in Sources */ = {isa = PBXBuildFile; fileRef = 18AD1B611E037FB50085F8FB /* AppDelegate.swift */; };
		18AD1B671E037FB50085F8FB /* Main.storyboard in Resources */ = {isa = PBXBuildFile; fileRef = 18AD1B651E037FB50085F8FB /* Main.storyboard */; };
		18AD1B691E037FB50085F8FB /* Assets.xcassets in Resources */ = {isa = PBXBuildFile; fileRef = 18AD1B681E037FB50085F8FB /* Assets.xcassets */; };
		18AD1B6C1E037FB50085F8FB /* LaunchScreen.storyboard in Resources */ = {isa = PBXBuildFile; fileRef = 18AD1B6A1E037FB50085F8FB /* LaunchScreen.storyboard */; };
		18AD1B821E039AB00085F8FB /* Home.storyboard in Resources */ = {isa = PBXBuildFile; fileRef = 18AD1B801E039AB00085F8FB /* Home.storyboard */; };
		18AD1B851E039AC70085F8FB /* Live.storyboard in Resources */ = {isa = PBXBuildFile; fileRef = 18AD1B831E039AC70085F8FB /* Live.storyboard */; };
		18AD1B8A1E039AEA0085F8FB /* Profile.storyboard in Resources */ = {isa = PBXBuildFile; fileRef = 18AD1B881E039AEA0085F8FB /* Profile.storyboard */; };
		18AD1B8C1E039C020085F8FB /* MainViewController.swift in Sources */ = {isa = PBXBuildFile; fileRef = 18AD1B8B1E039C020085F8FB /* MainViewController.swift */; };
		18AD1B941E03A18D0085F8FB /* Follow.storyboard in Resources */ = {isa = PBXBuildFile; fileRef = 18AD1B931E03A18D0085F8FB /* Follow.storyboard */; };
/* End PBXBuildFile section */

/* Begin PBXFileReference section */
		18AD1B5E1E037FB50085F8FB /* Showlive.app */ = {isa = PBXFileReference; explicitFileType = wrapper.application; includeInIndex = 0; path = Showlive.app; sourceTree = BUILT_PRODUCTS_DIR; };
		18AD1B611E037FB50085F8FB /* AppDelegate.swift */ = {isa = PBXFileReference; lastKnownFileType = sourcecode.swift; path = AppDelegate.swift; sourceTree = "<group>"; };
		18AD1B661E037FB50085F8FB /* Base */ = {isa = PBXFileReference; lastKnownFileType = file.storyboard; name = Base; path = Base.lproj/Main.storyboard; sourceTree = "<group>"; };
		18AD1B681E037FB50085F8FB /* Assets.xcassets */ = {isa = PBXFileReference; lastKnownFileType = folder.assetcatalog; path = Assets.xcassets; sourceTree = "<group>"; };
		18AD1B6B1E037FB50085F8FB /* Base */ = {isa = PBXFileReference; lastKnownFileType = file.storyboard; name = Base; path = Base.lproj/LaunchScreen.storyboard; sourceTree = "<group>"; };
		18AD1B6D1E037FB50085F8FB /* Info.plist */ = {isa = PBXFileReference; lastKnownFileType = text.plist.xml; path = Info.plist; sourceTree = "<group>"; };
		18AD1B811E039AB00085F8FB /* Base */ = {isa = PBXFileReference; lastKnownFileType = file.storyboard; name = Base; path = Showlive/Base.lproj/Home.storyboard; sourceTree = SOURCE_ROOT; };
		18AD1B841E039AC70085F8FB /* Base */ = {isa = PBXFileReference; lastKnownFileType = file.storyboard; name = Base; path = Showlive/Base.lproj/Live.storyboard; sourceTree = SOURCE_ROOT; };
		18AD1B891E039AEA0085F8FB /* Base */ = {isa = PBXFileReference; lastKnownFileType = file.storyboard; name = Base; path = Showlive/Base.lproj/Profile.storyboard; sourceTree = SOURCE_ROOT; };
		18AD1B8B1E039C020085F8FB /* MainViewController.swift */ = {isa = PBXFileReference; fileEncoding = 4; lastKnownFileType = sourcecode.swift; path = MainViewController.swift; sourceTree = "<group>"; };
		18AD1B931E03A18D0085F8FB /* Follow.storyboard */ = {isa = PBXFileReference; fileEncoding = 4; lastKnownFileType = file.storyboard; path = Follow.storyboard; sourceTree = "<group>"; };
/* End PBXFileReference section */

/* Begin PBXFrameworksBuildPhase section */
		18AD1B5B1E037FB50085F8FB /* Frameworks */ = {
			isa = PBXFrameworksBuildPhase;
			buildActionMask = 2147483647;
			files = (
			);
			runOnlyForDeploymentPostprocessing = 0;
		};
/* End PBXFrameworksBuildPhase section */

/* Begin PBXGroup section */
		18AD1B551E037FB50085F8FB = {
			isa = PBXGroup;
			children = (
				18AD1B601E037FB50085F8FB /* Showlive */,
				18AD1B5F1E037FB50085F8FB /* Products */,
			);
			sourceTree = "<group>";
		};
		18AD1B5F1E037FB50085F8FB /* Products */ = {
			isa = PBXGroup;
			children = (
				18AD1B5E1E037FB50085F8FB /* Showlive.app */,
			);
			name = Products;
			sourceTree = "<group>";
		};
		18AD1B601E037FB50085F8FB /* Showlive */ = {
			isa = PBXGroup;
			children = (
				18AD1B731E038FE70085F8FB /* Classes */,
				18AD1B611E037FB50085F8FB /* AppDelegate.swift */,
				18AD1B681E037FB50085F8FB /* Assets.xcassets */,
				18AD1B6A1E037FB50085F8FB /* LaunchScreen.storyboard */,
				18AD1B6D1E037FB50085F8FB /* Info.plist */,
			);
			path = Showlive;
			sourceTree = "<group>";
		};
		18AD1B731E038FE70085F8FB /* Classes */ = {
			isa = PBXGroup;
			children = (
				18AD1B771E038FE70085F8FB /* Main */,
				18AD1B751E038FE70085F8FB /* Home */,
				18AD1B741E038FE70085F8FB /* Follow */,
				18AD1B761E038FE70085F8FB /* Live */,
				18AD1B781E038FE70085F8FB /* Profile */,
				18AD1B791E038FE70085F8FB /* Tools */,
			);
			path = Classes;
			sourceTree = "<group>";
		};
		18AD1B741E038FE70085F8FB /* Follow */ = {
			isa = PBXGroup;
			children = (
				18AD1B931E03A18D0085F8FB /* Follow.storyboard */,
			);
			path = Follow;
			sourceTree = "<group>";
		};
		18AD1B751E038FE70085F8FB /* Home */ = {
			isa = PBXGroup;
			children = (
				18AD1B801E039AB00085F8FB /* Home.storyboard */,
			);
			path = Home;
			sourceTree = "<group>";
		};
		18AD1B761E038FE70085F8FB /* Live */ = {
			isa = PBXGroup;
			children = (
				18AD1B831E039AC70085F8FB /* Live.storyboard */,
			);
			path = Live;
			sourceTree = "<group>";
		};
		18AD1B771E038FE70085F8FB /* Main */ = {
			isa = PBXGroup;
			children = (
				18AD1B651E037FB50085F8FB /* Main.storyboard */,
				18AD1B8B1E039C020085F8FB /* MainViewController.swift */,
			);
			path = Main;
			sourceTree = "<group>";
		};
		18AD1B781E038FE70085F8FB /* Profile */ = {
			isa = PBXGroup;
			children = (
				18AD1B881E039AEA0085F8FB /* Profile.storyboard */,
			);
			path = Profile;
			sourceTree = "<group>";
		};
		18AD1B791E038FE70085F8FB /* Tools */ = {
			isa = PBXGroup;
			children = (
			);
			path = Tools;
			sourceTree = "<group>";
		};
/* End PBXGroup section */

/* Begin PBXNativeTarget section */
		18AD1B5D1E037FB50085F8FB /* Showlive */ = {
			isa = PBXNativeTarget;
			buildConfigurationList = 18AD1B701E037FB50085F8FB /* Build configuration list for PBXNativeTarget "Showlive" */;
			buildPhases = (
				18AD1B5A1E037FB50085F8FB /* Sources */,
				18AD1B5B1E037FB50085F8FB /* Frameworks */,
				18AD1B5C1E037FB50085F8FB /* Resources */,
			);
			buildRules = (
			);
			dependencies = (
			);
			name = Showlive;
			productName = Showlive;
			productReference = 18AD1B5E1E037FB50085F8FB /* Showlive.app */;
			productType = "com.apple.product-type.application";
		};
/* End PBXNativeTarget section */

/* Begin PBXProject section */
		18AD1B561E037FB50085F8FB /* Project object */ = {
			isa = PBXProject;
			attributes = {
				LastSwiftUpdateCheck = 0820;
				LastUpgradeCheck = 0820;
				ORGANIZATIONNAME = apple;
				TargetAttributes = {
					18AD1B5D1E037FB50085F8FB = {
						CreatedOnToolsVersion = 8.2;
						ProvisioningStyle = Manual;
					};
				};
			};
			buildConfigurationList = 18AD1B591E037FB50085F8FB /* Build configuration list for PBXProject "Showlive" */;
			compatibilityVersion = "Xcode 3.2";
			developmentRegion = English;
			hasScannedForEncodings = 0;
			knownRegions = (
				en,
				Base,
			);
			mainGroup = 18AD1B551E037FB50085F8FB;
			productRefGroup = 18AD1B5F1E037FB50085F8FB /* Products */;
			projectDirPath = "";
			projectRoot = "";
			targets = (
				18AD1B5D1E037FB50085F8FB /* Showlive */,
			);
		};
/* End PBXProject section */

/* Begin PBXResourcesBuildPhase section */
		18AD1B5C1E037FB50085F8FB /* Resources */ = {
			isa = PBXResourcesBuildPhase;
			buildActionMask = 2147483647;
			files = (
				18AD1B6C1E037FB50085F8FB /* LaunchScreen.storyboard in Resources */,
				18AD1B691E037FB50085F8FB /* Assets.xcassets in Resources */,
				18AD1B671E037FB50085F8FB /* Main.storyboard in Resources */,
				18AD1B941E03A18D0085F8FB /* Follow.storyboard in Resources */,
				18AD1B851E039AC70085F8FB /* Live.storyboard in Resources */,
				18AD1B821E039AB00085F8FB /* Home.storyboard in Resources */,
				18AD1B8A1E039AEA0085F8FB /* Profile.storyboard in Resources */,
			);
			runOnlyForDeploymentPostprocessing = 0;
		};
/* End PBXResourcesBuildPhase section */

/* Begin PBXSourcesBuildPhase section */
		18AD1B5A1E037FB50085F8FB /* Sources */ = {
			isa = PBXSourcesBuildPhase;
			buildActionMask = 2147483647;
			files = (
				18AD1B621E037FB50085F8FB /* AppDelegate.swift in Sources */,
				18AD1B8C1E039C020085F8FB /* MainViewController.swift in Sources */,
			);
			runOnlyForDeploymentPostprocessing = 0;
		};
/* End PBXSourcesBuildPhase section */

/* Begin PBXVariantGroup section */
		18AD1B651E037FB50085F8FB /* Main.storyboard */ = {
			isa = PBXVariantGroup;
			children = (
				18AD1B661E037FB50085F8FB /* Base */,
			);
			name = Main.storyboard;
			path = ../..;
			sourceTree = "<group>";
		};
		18AD1B6A1E037FB50085F8FB /* LaunchScreen.storyboard */ = {
			isa = PBXVariantGroup;
			children = (
				18AD1B6B1E037FB50085F8FB /* Base */,
			);
			name = LaunchScreen.storyboard;
			sourceTree = "<group>";
		};
		18AD1B801E039AB00085F8FB /* Home.storyboard */ = {
			isa = PBXVariantGroup;
			children = (
				18AD1B811E039AB00085F8FB /* Base */,
			);
			name = Home.storyboard;
			path = ../Main;
			sourceTree = "<group>";
		};
		18AD1B831E039AC70085F8FB /* Live.storyboard */ = {
			isa = PBXVariantGroup;
			children = (
				18AD1B841E039AC70085F8FB /* Base */,
			);
			name = Live.storyboard;
			path = ../Main;
			sourceTree = "<group>";
		};
		18AD1B881E039AEA0085F8FB /* Profile.storyboard */ = {
			isa = PBXVariantGroup;
			children = (
				18AD1B891E039AEA0085F8FB /* Base */,
			);
			name = Profile.storyboard;
			path = ../Main;
			sourceTree = "<group>";
		};
/* End PBXVariantGroup section */

/* Begin XCBuildConfiguration section */
		18AD1B6E1E037FB50085F8FB /* Debug */ = {
			isa = XCBuildConfiguration;
			buildSettings = {
				ALWAYS_SEARCH_USER_PATHS = NO;
				CLANG_ANALYZER_NONNULL = YES;
				CLANG_CXX_LANGUAGE_STANDARD = "gnu++0x";
				CLANG_CXX_LIBRARY = "libc++";
				CLANG_ENABLE_MODULES = YES;
				CLANG_ENABLE_OBJC_ARC = YES;
				CLANG_WARN_BOOL_CONVERSION = YES;
				CLANG_WARN_CONSTANT_CONVERSION = YES;
				CLANG_WARN_DIRECT_OBJC_ISA_USAGE = YES_ERROR;
				CLANG_WARN_DOCUMENTATION_COMMENTS = YES;
				CLANG_WARN_EMPTY_BODY = YES;
				CLANG_WARN_ENUM_CONVERSION = YES;
				CLANG_WARN_INFINITE_RECURSION = YES;
				CLANG_WARN_INT_CONVERSION = YES;
				CLANG_WARN_OBJC_ROOT_CLASS = YES_ERROR;
				CLANG_WARN_SUSPICIOUS_MOVE = YES;
				CLANG_WARN_UNREACHABLE_CODE = YES;
				CLANG_WARN__DUPLICATE_METHOD_MATCH = YES;
				"CODE_SIGN_IDENTITY[sdk=iphoneos*]" = "iPhone Developer";
				COPY_PHASE_STRIP = NO;
				DEBUG_INFORMATION_FORMAT = dwarf;
				ENABLE_STRICT_OBJC_MSGSEND = YES;
				ENABLE_TESTABILITY = YES;
				GCC_C_LANGUAGE_STANDARD = gnu99;
				GCC_DYNAMIC_NO_PIC = NO;
				GCC_NO_COMMON_BLOCKS = YES;
				GCC_OPTIMIZATION_LEVEL = 0;
				GCC_PREPROCESSOR_DEFINITIONS = (
					"DEBUG=1",
					"$(inherited)",
				);
				GCC_WARN_64_TO_32_BIT_CONVERSION = YES;
				GCC_WARN_ABOUT_RETURN_TYPE = YES_ERROR;
				GCC_WARN_UNDECLARED_SELECTOR = YES;
				GCC_WARN_UNINITIALIZED_AUTOS = YES_AGGRESSIVE;
				GCC_WARN_UNUSED_FUNCTION = YES;
				GCC_WARN_UNUSED_VARIABLE = YES;
				IPHONEOS_DEPLOYMENT_TARGET = 10.2;
				MTL_ENABLE_DEBUG_INFO = YES;
				ONLY_ACTIVE_ARCH = YES;
				SDKROOT = iphoneos;
				SWIFT_ACTIVE_COMPILATION_CONDITIONS = DEBUG;
				SWIFT_OPTIMIZATION_LEVEL = "-Onone";
			};
			name = Debug;
		};
		18AD1B6F1E037FB50085F8FB /* Release */ = {
			isa = XCBuildConfiguration;
			buildSettings = {
				ALWAYS_SEARCH_USER_PATHS = NO;
				CLANG_ANALYZER_NONNULL = YES;
				CLANG_CXX_LANGUAGE_STANDARD = "gnu++0x";
				CLANG_CXX_LIBRARY = "libc++";
				CLANG_ENABLE_MODULES = YES;
				CLANG_ENABLE_OBJC_ARC = YES;
				CLANG_WARN_BOOL_CONVERSION = YES;
				CLANG_WARN_CONSTANT_CONVERSION = YES;
				CLANG_WARN_DIRECT_OBJC_ISA_USAGE = YES_ERROR;
				CLANG_WARN_DOCUMENTATION_COMMENTS = YES;
				CLANG_WARN_EMPTY_BODY = YES;
				CLANG_WARN_ENUM_CONVERSION = YES;
				CLANG_WARN_INFINITE_RECURSION = YES;
				CLANG_WARN_INT_CONVERSION = YES;
				CLANG_WARN_OBJC_ROOT_CLASS = YES_ERROR;
				CLANG_WARN_SUSPICIOUS_MOVE = YES;
				CLANG_WARN_UNREACHABLE_CODE = YES;
				CLANG_WARN__DUPLICATE_METHOD_MATCH = YES;
				"CODE_SIGN_IDENTITY[sdk=iphoneos*]" = "iPhone Developer";
				COPY_PHASE_STRIP = NO;
				DEBUG_INFORMATION_FORMAT = "dwarf-with-dsym";
				ENABLE_NS_ASSERTIONS = NO;
				ENABLE_STRICT_OBJC_MSGSEND = YES;
				GCC_C_LANGUAGE_STANDARD = gnu99;
				GCC_NO_COMMON_BLOCKS = YES;
				GCC_WARN_64_TO_32_BIT_CONVERSION = YES;
				GCC_WARN_ABOUT_RETURN_TYPE = YES_ERROR;
				GCC_WARN_UNDECLARED_SELECTOR = YES;
				GCC_WARN_UNINITIALIZED_AUTOS = YES_AGGRESSIVE;
				GCC_WARN_UNUSED_FUNCTION = YES;
				GCC_WARN_UNUSED_VARIABLE = YES;
				IPHONEOS_DEPLOYMENT_TARGET = 10.2;
				MTL_ENABLE_DEBUG_INFO = NO;
				SDKROOT = iphoneos;
				SWIFT_OPTIMIZATION_LEVEL = "-Owholemodule";
				VALIDATE_PRODUCT = YES;
			};
			name = Release;
		};
		18AD1B711E037FB50085F8FB /* Debug */ = {
			isa = XCBuildConfiguration;
			buildSettings = {
				ASSETCATALOG_COMPILER_APPICON_NAME = AppIcon;
				ASSETCATALOG_COMPILER_LAUNCHIMAGE_NAME = LaunchImage;
				DEVELOPMENT_TEAM = "";
				INFOPLIST_FILE = Showlive/Info.plist;
				IPHONEOS_DEPLOYMENT_TARGET = 8.0;
				LD_RUNPATH_SEARCH_PATHS = "$(inherited) @executable_path/Frameworks";
				PRODUCT_BUNDLE_IDENTIFIER = com.apple.Showlive;
				PRODUCT_NAME = "$(TARGET_NAME)";
				SWIFT_VERSION = 3.0;
			};
			name = Debug;
		};
		18AD1B721E037FB50085F8FB /* Release */ = {
			isa = XCBuildConfiguration;
			buildSettings = {
				ASSETCATALOG_COMPILER_APPICON_NAME = AppIcon;
				ASSETCATALOG_COMPILER_LAUNCHIMAGE_NAME = LaunchImage;
				DEVELOPMENT_TEAM = "";
				INFOPLIST_FILE = Showlive/Info.plist;
				IPHONEOS_DEPLOYMENT_TARGET = 8.0;
				LD_RUNPATH_SEARCH_PATHS = "$(inherited) @executable_path/Frameworks";
				PRODUCT_BUNDLE_IDENTIFIER = com.apple.Showlive;
				PRODUCT_NAME = "$(TARGET_NAME)";
				SWIFT_VERSION = 3.0;
			};
			name = Release;
		};
/* End XCBuildConfiguration section */

/* Begin XCConfigurationList section */
		18AD1B591E037FB50085F8FB /* Build configuration list for PBXProject "Showlive" */ = {
			isa = XCConfigurationList;
			buildConfigurations = (
				18AD1B6E1E037FB50085F8FB /* Debug */,
				18AD1B6F1E037FB50085F8FB /* Release */,
			);
			defaultConfigurationIsVisible = 0;
			defaultConfigurationName = Release;
		};
		18AD1B701E037FB50085F8FB /* Build configuration list for PBXNativeTarget "Showlive" */ = {
			isa = XCConfigurationList;
			buildConfigurations = (
				18AD1B711E037FB50085F8FB /* Debug */,
				18AD1B721E037FB50085F8FB /* Release */,
			);
			defaultConfigurationIsVisible = 0;
		};
/* End XCConfigurationList section */
	};
	rootObject = 18AD1B561E037FB50085F8FB /* Project object */;
}
